// !$*UTF8*$!
{
	archiveVersion = 1;
	classes = {
	};
	objectVersion = 55;
	objects = {

/* Begin PBXBuildFile section */
		DC9B60D328BBC8CF00518BC9 /* AppDelegate.swift in Sources */ = {isa = PBXBuildFile; fileRef = DC9B60D228BBC8CF00518BC9 /* AppDelegate.swift */; };
		DC9B60D528BBC8CF00518BC9 /* SceneDelegate.swift in Sources */ = {isa = PBXBuildFile; fileRef = DC9B60D428BBC8CF00518BC9 /* SceneDelegate.swift */; };
		DC9B60D728BBC8CF00518BC9 /* ViewController.swift in Sources */ = {isa = PBXBuildFile; fileRef = DC9B60D628BBC8CF00518BC9 /* ViewController.swift */; };
		DC9B60DA28BBC8CF00518BC9 /* Main.storyboard in Resources */ = {isa = PBXBuildFile; fileRef = DC9B60D828BBC8CF00518BC9 /* Main.storyboard */; };
		DC9B60DD28BBC8CF00518BC9 /* littlepink.xcdatamodeld in Sources */ = {isa = PBXBuildFile; fileRef = DC9B60DB28BBC8CF00518BC9 /* littlepink.xcdatamodeld */; };
		DC9B60DF28BBC8D100518BC9 /* Assets.xcassets in Resources */ = {isa = PBXBuildFile; fileRef = DC9B60DE28BBC8D100518BC9 /* Assets.xcassets */; };
		DC9B60E228BBC8D100518BC9 /* LaunchScreen.storyboard in Resources */ = {isa = PBXBuildFile; fileRef = DC9B60E028BBC8D100518BC9 /* LaunchScreen.storyboard */; };
/* End PBXBuildFile section */

/* Begin PBXFileReference section */
		DC9B60CF28BBC8CF00518BC9 /* littlepink.app */ = {isa = PBXFileReference; explicitFileType = wrapper.application; includeInIndex = 0; path = littlepink.app; sourceTree = BUILT_PRODUCTS_DIR; };
		DC9B60D228BBC8CF00518BC9 /* AppDelegate.swift */ = {isa = PBXFileReference; lastKnownFileType = sourcecode.swift; path = AppDelegate.swift; sourceTree = "<group>"; };
		DC9B60D428BBC8CF00518BC9 /* SceneDelegate.swift */ = {isa = PBXFileReference; lastKnownFileType = sourcecode.swift; path = SceneDelegate.swift; sourceTree = "<group>"; };
		DC9B60D628BBC8CF00518BC9 /* ViewController.swift */ = {isa = PBXFileReference; lastKnownFileType = sourcecode.swift; path = ViewController.swift; sourceTree = "<group>"; };
		DC9B60D928BBC8CF00518BC9 /* Base */ = {isa = PBXFileReference; lastKnownFileType = file.storyboard; name = Base; path = Base.lproj/Main.storyboard; sourceTree = "<group>"; };
		DC9B60DC28BBC8CF00518BC9 /* littlepink.xcdatamodel */ = {isa = PBXFileReference; lastKnownFileType = wrapper.xcdatamodel; path = littlepink.xcdatamodel; sourceTree = "<group>"; };
		DC9B60DE28BBC8D100518BC9 /* Assets.xcassets */ = {isa = PBXFileReference; lastKnownFileType = folder.assetcatalog; path = Assets.xcassets; sourceTree = "<group>"; };
		DC9B60E128BBC8D100518BC9 /* Base */ = {isa = PBXFileReference; lastKnownFileType = file.storyboard; name = Base; path = Base.lproj/LaunchScreen.storyboard; sourceTree = "<group>"; };
		DC9B60E328BBC8D100518BC9 /* Info.plist */ = {isa = PBXFileReference; lastKnownFileType = text.plist.xml; path = Info.plist; sourceTree = "<group>"; };
/* End PBXFileReference section */

/* Begin PBXFrameworksBuildPhase section */
		DC9B60CC28BBC8CF00518BC9 /* Frameworks */ = {
			isa = PBXFrameworksBuildPhase;
			buildActionMask = 2147483647;
			files = (
			);
			runOnlyForDeploymentPostprocessing = 0;
		};
/* End PBXFrameworksBuildPhase section */

/* Begin PBXGroup section */
		DC9B60C628BBC8CF00518BC9 = {
			isa = PBXGroup;
			children = (
				DC9B60D128BBC8CF00518BC9 /* littlepink */,
				DC9B60D028BBC8CF00518BC9 /* Products */,
			);
			sourceTree = "<group>";
		};
		DC9B60D028BBC8CF00518BC9 /* Products */ = {
			isa = PBXGroup;
			children = (
				DC9B60CF28BBC8CF00518BC9 /* littlepink.app */,
			);
			name = Products;
			sourceTree = "<group>";
		};
		DC9B60D128BBC8CF00518BC9 /* littlepink */ = {
			isa = PBXGroup;
			children = (
				DC9B60D228BBC8CF00518BC9 /* AppDelegate.swift */,
				DC9B60D428BBC8CF00518BC9 /* SceneDelegate.swift */,
				DC9B60D628BBC8CF00518BC9 /* ViewController.swift */,
				DC9B60D828BBC8CF00518BC9 /* Main.storyboard */,
				DC9B60DE28BBC8D100518BC9 /* Assets.xcassets */,
				DC9B60E028BBC8D100518BC9 /* LaunchScreen.storyboard */,
				DC9B60E328BBC8D100518BC9 /* Info.plist */,
				DC9B60DB28BBC8CF00518BC9 /* littlepink.xcdatamodeld */,
			);
			path = littlepink;
			sourceTree = "<group>";
		};
/* End PBXGroup section */

/* Begin PBXNativeTarget section */
		DC9B60CE28BBC8CF00518BC9 /* littlepink */ = {
			isa = PBXNativeTarget;
			buildConfigurationList = DC9B60E628BBC8D100518BC9 /* Build configuration list for PBXNativeTarget "littlepink" */;
			buildPhases = (
				DC9B60CB28BBC8CF00518BC9 /* Sources */,
				DC9B60CC28BBC8CF00518BC9 /* Frameworks */,
				DC9B60CD28BBC8CF00518BC9 /* Resources */,
			);
			buildRules = (
			);
			dependencies = (
			);
			name = littlepink;
			productName = littlepink;
			productReference = DC9B60CF28BBC8CF00518BC9 /* littlepink.app */;
			productType = "com.apple.product-type.application";
		};
/* End PBXNativeTarget section */

/* Begin PBXProject section */
		DC9B60C728BBC8CF00518BC9 /* Project object */ = {
			isa = PBXProject;
			attributes = {
				BuildIndependentTargetsInParallel = 1;
				LastSwiftUpdateCheck = 1340;
				LastUpgradeCheck = 1340;
				TargetAttributes = {
					DC9B60CE28BBC8CF00518BC9 = {
						CreatedOnToolsVersion = 13.4.1;
					};
				};
			};
			buildConfigurationList = DC9B60CA28BBC8CF00518BC9 /* Build configuration list for PBXProject "littlepink" */;
			compatibilityVersion = "Xcode 13.0";
			developmentRegion = en;
			hasScannedForEncodings = 0;
			knownRegions = (
				en,
				Base,
			);
			mainGroup = DC9B60C628BBC8CF00518BC9;
			productRefGroup = DC9B60D028BBC8CF00518BC9 /* Products */;
			projectDirPath = "";
			projectRoot = "";
			targets = (
				DC9B60CE28BBC8CF00518BC9 /* littlepink */,
			);
		};
/* End PBXProject section */

/* Begin PBXResourcesBuildPhase section */
		DC9B60CD28BBC8CF00518BC9 /* Resources */ = {
			isa = PBXResourcesBuildPhase;
			buildActionMask = 2147483647;
			files = (
				DC9B60E228BBC8D100518BC9 /* LaunchScreen.storyboard in Resources */,
				DC9B60DF28BBC8D100518BC9 /* Assets.xcassets in Resources */,
				DC9B60DA28BBC8CF00518BC9 /* Main.storyboard in Resources */,
			);
			runOnlyForDeploymentPostprocessing = 0;
		};
/* End PBXResourcesBuildPhase section */

/* Begin PBXSourcesBuildPhase section */
		DC9B60CB28BBC8CF00518BC9 /* Sources */ = {
			isa = PBXSourcesBuildPhase;
			buildActionMask = 2147483647;
			files = (
				DC9B60D728BBC8CF00518BC9 /* ViewController.swift in Sources */,
				DC9B60D328BBC8CF00518BC9 /* AppDelegate.swift in Sources */,
				DC9B60D528BBC8CF00518BC9 /* SceneDelegate.swift in Sources */,
				DC9B60DD28BBC8CF00518BC9 /* littlepink.xcdatamodeld in Sources */,
			);
			runOnlyForDeploymentPostprocessing = 0;
		};
/* End PBXSourcesBuildPhase section */

/* Begin PBXVariantGroup section */
		DC9B60D828BBC8CF00518BC9 /* Main.storyboard */ = {
			isa = PBXVariantGroup;
			children = (
				DC9B60D928BBC8CF00518BC9 /* Base */,
			);
			name = Main.storyboard;
			sourceTree = "<group>";
		};
		DC9B60E028BBC8D100518BC9 /* LaunchScreen.storyboard */ = {
			isa = PBXVariantGroup;
			children = (
				DC9B60E128BBC8D100518BC9 /* Base */,
			);
			name = LaunchScreen.storyboard;
			sourceTree = "<group>";
		};
/* End PBXVariantGroup section */

/* Begin XCBuildConfiguration section */
		DC9B60E428BBC8D100518BC9 /* Debug */ = {
			isa = XCBuildConfiguration;
			buildSettings = {
				ALWAYS_SEARCH_USER_PATHS = NO;
				CLANG_ANALYZER_NONNULL = YES;
				CLANG_ANALYZER_NUMBER_OBJECT_CONVERSION = YES_AGGRESSIVE;
				CLANG_CXX_LANGUAGE_STANDARD = "gnu++17";
				CLANG_ENABLE_MODULES = YES;
				CLANG_ENABLE_OBJC_ARC = YES;
				CLANG_ENABLE_OBJC_WEAK = YES;
				CLANG_WARN_BLOCK_CAPTURE_AUTORELEASING = YES;
				CLANG_WARN_BOOL_CONVERSION = YES;
				CLANG_WARN_COMMA = YES;
				CLANG_WARN_CONSTANT_CONVERSION = YES;
				CLANG_WARN_DEPRECATED_OBJC_IMPLEMENTATIONS = YES;
				CLANG_WARN_DIRECT_OBJC_ISA_USAGE = YES_ERROR;
				CLANG_WARN_DOCUMENTATION_COMMENTS = YES;
				CLANG_WARN_EMPTY_BODY = YES;
				CLANG_WARN_ENUM_CONVERSION = YES;
				CLANG_WARN_INFINITE_RECURSION = YES;
				CLANG_WARN_INT_CONVERSION = YES;
				CLANG_WARN_NON_LITERAL_NULL_CONVERSION = YES;
				CLANG_WARN_OBJC_IMPLICIT_RETAIN_SELF = YES;
				CLANG_WARN_OBJC_LITERAL_CONVERSION = YES;
				CLANG_WARN_OBJC_ROOT_CLASS = YES_ERROR;
				CLANG_WARN_QUOTED_INCLUDE_IN_FRAMEWORK_HEADER = YES;
				CLANG_WARN_RANGE_LOOP_ANALYSIS = YES;
				CLANG_WARN_STRICT_PROTOTYPES = YES;
				CLANG_WARN_SUSPICIOUS_MOVE = YES;
				CLANG_WARN_UNGUARDED_AVAILABILITY = YES_AGGRESSIVE;
				CLANG_WARN_UNREACHABLE_CODE = YES;
				CLANG_WARN__DUPLICATE_METHOD_MATCH = YES;
				COPY_PHASE_STRIP = NO;
				DEBUG_INFORMATION_FORMAT = dwarf;
				ENABLE_STRICT_OBJC_MSGSEND = YES;
				ENABLE_TESTABILITY = YES;
				GCC_C_LANGUAGE_STANDARD = gnu11;
				GCC_DYNAMIC_NO_PIC = NO;
				GCC_NO_COMMON_BLOCKS = YES;
				GCC_OPTIMIZATION_LEVEL = 0;
				GCC_PREPROCESSOR_DEFINITIONS = (
					"DEBUG=1",
					"$(inherited)",
				);
				GCC_WARN_64_TO_32_BIT_CONVERSION = YES;
				GCC_WARN_ABOUT_RETURN_TYPE = YES_ERROR;
				GCC_WARN_UNDECLARED_SELECTOR = YES;
				GCC_WARN_UNINITIALIZED_AUTOS = YES_AGGRESSIVE;
				GCC_WARN_UNUSED_FUNCTION = YES;
				GCC_WARN_UNUSED_VARIABLE = YES;
				IPHONEOS_DEPLOYMENT_TARGET = 15.5;
				MTL_ENABLE_DEBUG_INFO = INCLUDE_SOURCE;
				MTL_FAST_MATH = YES;
				ONLY_ACTIVE_ARCH = YES;
				SDKROOT = iphoneos;
				SWIFT_ACTIVE_COMPILATION_CONDITIONS = DEBUG;
				SWIFT_OPTIMIZATION_LEVEL = "-Onone";
			};
			name = Debug;
		};
		DC9B60E528BBC8D100518BC9 /* Release */ = {
			isa = XCBuildConfiguration;
			buildSettings = {
				ALWAYS_SEARCH_USER_PATHS = NO;
				CLANG_ANALYZER_NONNULL = YES;
				CLANG_ANALYZER_NUMBER_OBJECT_CONVERSION = YES_AGGRESSIVE;
				CLANG_CXX_LANGUAGE_STANDARD = "gnu++17";
				CLANG_ENABLE_MODULES = YES;
				CLANG_ENABLE_OBJC_ARC = YES;
				CLANG_ENABLE_OBJC_WEAK = YES;
				CLANG_WARN_BLOCK_CAPTURE_AUTORELEASING = YES;
				CLANG_WARN_BOOL_CONVERSION = YES;
				CLANG_WARN_COMMA = YES;
				CLANG_WARN_CONSTANT_CONVERSION = YES;
				CLANG_WARN_DEPRECATED_OBJC_IMPLEMENTATIONS = YES;
				CLANG_WARN_DIRECT_OBJC_ISA_USAGE = YES_ERROR;
				CLANG_WARN_DOCUMENTATION_COMMENTS = YES;
				CLANG_WARN_EMPTY_BODY = YES;
				CLANG_WARN_ENUM_CONVERSION = YES;
				CLANG_WARN_INFINITE_RECURSION = YES;
				CLANG_WARN_INT_CONVERSION = YES;
				CLANG_WARN_NON_LITERAL_NULL_CONVERSION = YES;
				CLANG_WARN_OBJC_IMPLICIT_RETAIN_SELF = YES;
				CLANG_WARN_OBJC_LITERAL_CONVERSION = YES;
				CLANG_WARN_OBJC_ROOT_CLASS = YES_ERROR;
				CLANG_WARN_QUOTED_INCLUDE_IN_FRAMEWORK_HEADER = YES;
				CLANG_WARN_RANGE_LOOP_ANALYSIS = YES;
				CLANG_WARN_STRICT_PROTOTYPES = YES;
				CLANG_WARN_SUSPICIOUS_MOVE = YES;
				CLANG_WARN_UNGUARDED_AVAILABILITY = YES_AGGRESSIVE;
				CLANG_WARN_UNREACHABLE_CODE = YES;
				CLANG_WARN__DUPLICATE_METHOD_MATCH = YES;
				COPY_PHASE_STRIP = NO;
				DEBUG_INFORMATION_FORMAT = "dwarf-with-dsym";
				ENABLE_NS_ASSERTIONS = NO;
				ENABLE_STRICT_OBJC_MSGSEND = YES;
				GCC_C_LANGUAGE_STANDARD = gnu11;
				GCC_NO_COMMON_BLOCKS = YES;
				GCC_WARN_64_TO_32_BIT_CONVERSION = YES;
				GCC_WARN_ABOUT_RETURN_TYPE = YES_ERROR;
				GCC_WARN_UNDECLARED_SELECTOR = YES;
				GCC_WARN_UNINITIALIZED_AUTOS = YES_AGGRESSIVE;
				GCC_WARN_UNUSED_FUNCTION = YES;
				GCC_WARN_UNUSED_VARIABLE = YES;
				IPHONEOS_DEPLOYMENT_TARGET = 15.5;
				MTL_ENABLE_DEBUG_INFO = NO;
				MTL_FAST_MATH = YES;
				SDKROOT = iphoneos;
				SWIFT_COMPILATION_MODE = wholemodule;
				SWIFT_OPTIMIZATION_LEVEL = "-O";
				VALIDATE_PRODUCT = YES;
			};
			name = Release;
		};
		DC9B60E728BBC8D100518BC9 /* Debug */ = {
			isa = XCBuildConfiguration;
			buildSettings = {
				ASSETCATALOG_COMPILER_APPICON_NAME = AppIcon;
				ASSETCATALOG_COMPILER_GLOBAL_ACCENT_COLOR_NAME = AccentColor;
				CODE_SIGN_STYLE = Automatic;
				CURRENT_PROJECT_VERSION = 1;
				DEVELOPMENT_TEAM = L3TQBP73HD;
				GENERATE_INFOPLIST_FILE = YES;
				INFOPLIST_FILE = littlepink/Info.plist;
				INFOPLIST_KEY_CFBundleDisplayName = "小粉书";
				INFOPLIST_KEY_UIApplicationSupportsIndirectInputEvents = YES;
				INFOPLIST_KEY_UILaunchStoryboardName = LaunchScreen;
				INFOPLIST_KEY_UIMainStoryboardFile = Main;
				INFOPLIST_KEY_UISupportedInterfaceOrientations = UIInterfaceOrientationPortrait;
				INFOPLIST_KEY_UISupportedInterfaceOrientations_iPad = "UIInterfaceOrientationPortrait UIInterfaceOrientationPortraitUpsideDown UIInterfaceOrientationLandscapeLeft UIInterfaceOrientationLandscapeRight";
				INFOPLIST_KEY_UISupportedInterfaceOrientations_iPhone = "UIInterfaceOrientationPortrait UIInterfaceOrientationLandscapeLeft UIInterfaceOrientationLandscapeRight";
				LD_RUNPATH_SEARCH_PATHS = (
					"$(inherited)",
					"@executable_path/Frameworks",
				);
				MARKETING_VERSION = 1.0.1;
				PRODUCT_BUNDLE_IDENTIFIER = com.xuexi.littlepink;
				PRODUCT_NAME = "$(TARGET_NAME)";
				SWIFT_EMIT_LOC_STRINGS = YES;
				SWIFT_VERSION = 5.0;
				TARGETED_DEVICE_FAMILY = 1;
			};
			name = Debug;
		};
		DC9B60E828BBC8D100518BC9 /* Release */ = {
			isa = XCBuildConfiguration;
			buildSettings = {
				ASSETCATALOG_COMPILER_APPICON_NAME = AppIcon;
				ASSETCATALOG_COMPILER_GLOBAL_ACCENT_COLOR_NAME = AccentColor;
				CODE_SIGN_STYLE = Automatic;
				CURRENT_PROJECT_VERSION = 1;
				DEVELOPMENT_TEAM = L3TQBP73HD;
				GENERATE_INFOPLIST_FILE = YES;
				INFOPLIST_FILE = littlepink/Info.plist;
				INFOPLIST_KEY_CFBundleDisplayName = "小粉书";
				INFOPLIST_KEY_UIApplicationSupportsIndirectInputEvents = YES;
				INFOPLIST_KEY_UILaunchStoryboardName = LaunchScreen;
				INFOPLIST_KEY_UIMainStoryboardFile = Main;
				INFOPLIST_KEY_UISupportedInterfaceOrientations = UIInterfaceOrientationPortrait;
				INFOPLIST_KEY_UISupportedInterfaceOrientations_iPad = "UIInterfaceOrientationPortrait UIInterfaceOrientationPortraitUpsideDown UIInterfaceOrientationLandscapeLeft UIInterfaceOrientationLandscapeRight";
				INFOPLIST_KEY_UISupportedInterfaceOrientations_iPhone = "UIInterfaceOrientationPortrait UIInterfaceOrientationLandscapeLeft UIInterfaceOrientationLandscapeRight";
				LD_RUNPATH_SEARCH_PATHS = (
					"$(inherited)",
					"@executable_path/Frameworks",
				);
				MARKETING_VERSION = 1.0.1;
				PRODUCT_BUNDLE_IDENTIFIER = com.xuexi.littlepink;
				PRODUCT_NAME = "$(TARGET_NAME)";
				SWIFT_EMIT_LOC_STRINGS = YES;
				SWIFT_VERSION = 5.0;
				TARGETED_DEVICE_FAMILY = 1;
			};
			name = Release;
		};
/* End XCBuildConfiguration section */

/* Begin XCConfigurationList section */
		DC9B60CA28BBC8CF00518BC9 /* Build configuration list for PBXProject "littlepink" */ = {
			isa = XCConfigurationList;
			buildConfigurations = (
				DC9B60E428BBC8D100518BC9 /* Debug */,
				DC9B60E528BBC8D100518BC9 /* Release */,
			);
			defaultConfigurationIsVisible = 0;
			defaultConfigurationName = Release;
		};
		DC9B60E628BBC8D100518BC9 /* Build configuration list for PBXNativeTarget "littlepink" */ = {
			isa = XCConfigurationList;
			buildConfigurations = (
				DC9B60E728BBC8D100518BC9 /* Debug */,
				DC9B60E828BBC8D100518BC9 /* Release */,
			);
			defaultConfigurationIsVisible = 0;
			defaultConfigurationName = Release;
		};
/* End XCConfigurationList section */

/* Begin XCVersionGroup section */
		DC9B60DB28BBC8CF00518BC9 /* littlepink.xcdatamodeld */ = {
			isa = XCVersionGroup;
			children = (
				DC9B60DC28BBC8CF00518BC9 /* littlepink.xcdatamodel */,
			);
			currentVersion = DC9B60DC28BBC8CF00518BC9 /* littlepink.xcdatamodel */;
			path = littlepink.xcdatamodeld;
			sourceTree = "<group>";
			versionGroupType = wrapper.xcdatamodel;
		};
/* End XCVersionGroup section */
	};
	rootObject = DC9B60C728BBC8CF00518BC9 /* Project object */;
}
